
Microsoft Visual Studio Solution File, Format Version 12.00
# Visual Studio Version 16
VisualStudioVersion = 16.0.28803.352
MinimumVisualStudioVersion = 10.0.40219.1
Project("{FAE04EC0-301F-11D3-BF4B-00C04F79EFBC}") = "WebApplication1.Server", "WebApplication1.Server\WebApplication1.Server.csproj", "{324533F4-557E-4FD2-A9A7-E905974449CF}"
EndProject
Project("{FAE04EC0-301F-11D3-BF4B-00C04F79EFBC}") = "WebApplication1.Client", "WebApplication1.Client\WebApplication1.Client.csproj", "{2BBBABF6-244D-4C7E-B704-B4AE0026F083}"
EndProject
Project("{FAE04EC0-301F-11D3-BF4B-00C04F79EFBC}") = "WebApplication1.Shared", "WebApplication1.Shared\WebApplication1.Shared.csproj", "{FA351CB4-5C6D-4667-8257-C9388D0C888B}"
EndProject
Global
	GlobalSection(SolutionConfigurationPlatforms) = preSolution
		Debug|Any CPU = Debug|Any CPU
		Release|Any CPU = Release|Any CPU
	EndGlobalSection
	GlobalSection(ProjectConfigurationPlatforms) = postSolution
		{324533F4-557E-4FD2-A9A7-E905974449CF}.Debug|Any CPU.ActiveCfg = Debug|Any CPU
		{324533F4-557E-4FD2-A9A7-E905974449CF}.Debug|Any CPU.Build.0 = Debug|Any CPU
		{324533F4-557E-4FD2-A9A7-E905974449CF}.Release|Any CPU.ActiveCfg = Release|Any CPU
		{324533F4-557E-4FD2-A9A7-E905974449CF}.Release|Any CPU.Build.0 = Release|Any CPU
		{2BBBABF6-244D-4C7E-B704-B4AE0026F083}.Debug|Any CPU.ActiveCfg = Debug|Any CPU
		{2BBBABF6-244D-4C7E-B704-B4AE0026F083}.Debug|Any CPU.Build.0 = Debug|Any CPU
		{2BBBABF6-244D-4C7E-B704-B4AE0026F083}.Release|Any CPU.ActiveCfg = Release|Any CPU
		{2BBBABF6-244D-4C7E-B704-B4AE0026F083}.Release|Any CPU.Build.0 = Release|Any CPU
		{FA351CB4-5C6D-4667-8257-C9388D0C888B}.Debug|Any CPU.ActiveCfg = Debug|Any CPU
		{FA351CB4-5C6D-4667-8257-C9388D0C888B}.Debug|Any CPU.Build.0 = Debug|Any CPU
		{FA351CB4-5C6D-4667-8257-C9388D0C888B}.Release|Any CPU.ActiveCfg = Release|Any CPU
		{FA351CB4-5C6D-4667-8257-C9388D0C888B}.Release|Any CPU.Build.0 = Release|Any CPU
	EndGlobalSection
	GlobalSection(SolutionProperties) = preSolution
		HideSolutionNode = FALSE
	EndGlobalSection
	GlobalSection(ExtensibilityGlobals) = postSolution
		SolutionGuid = {B88DA0BC-8150-4668-8C90-C95A713DB496}
	EndGlobalSection
EndGlobal
